
Microsoft Visual Studio Solution File, Format Version 12.00
# Visual Studio 2012
Project("{FAE04EC0-301F-11D3-BF4B-00C04F79EFBC}") = "SIG_LaFamiliar", "SIG_LaFamiliar\SIG_LaFamiliar.csproj", "{0C4D7524-0320-4678-8F66-C9F237678E15}"
EndProject
Project("{FAE04EC0-301F-11D3-BF4B-00C04F79EFBC}") = "Example", "C:\Users\Esmeralda\Documents\Visual Studio 2012\Projects\WindowsFormsApplication1\WindowsFormsApplication1\Example.csproj", "{BE465F24-478B-4E96-821A-90453C4C31AE}"
EndProject
Global
	GlobalSection(SolutionConfigurationPlatforms) = preSolution
		Debug|Any CPU = Debug|Any CPU
		Release|Any CPU = Release|Any CPU
	EndGlobalSection
	GlobalSection(ProjectConfigurationPlatforms) = postSolution
		{0C4D7524-0320-4678-8F66-C9F237678E15}.Debug|Any CPU.ActiveCfg = Debug|Any CPU
		{0C4D7524-0320-4678-8F66-C9F237678E15}.Debug|Any CPU.Build.0 = Debug|Any CPU
		{0C4D7524-0320-4678-8F66-C9F237678E15}.Release|Any CPU.ActiveCfg = Release|Any CPU
		{0C4D7524-0320-4678-8F66-C9F237678E15}.Release|Any CPU.Build.0 = Release|Any CPU
		{BE465F24-478B-4E96-821A-90453C4C31AE}.Debug|Any CPU.ActiveCfg = Debug|Any CPU
		{BE465F24-478B-4E96-821A-90453C4C31AE}.Debug|Any CPU.Build.0 = Debug|Any CPU
		{BE465F24-478B-4E96-821A-90453C4C31AE}.Release|Any CPU.ActiveCfg = Release|Any CPU
		{BE465F24-478B-4E96-821A-90453C4C31AE}.Release|Any CPU.Build.0 = Release|Any CPU
	EndGlobalSection
	GlobalSection(SolutionProperties) = preSolution
		HideSolutionNode = FALSE
	EndGlobalSection
EndGlobal
